
Microsoft Visual Studio Solution File, Format Version 12.00
# Visual Studio Version 17
VisualStudioVersion = 17.0.31919.166
MinimumVisualStudioVersion = 10.0.40219.1
Project("{FAE04EC0-301F-11D3-BF4B-00C04F79EFBC}") = "myLibrary", "myLibrary\myLibrary.csproj", "{833E1B64-83E9-48C2-99AE-6FB6D2040CD5}"
EndProject
Project("{FAE04EC0-301F-11D3-BF4B-00C04F79EFBC}") = "MyApplication", "MyApplication\MyApplication.csproj", "{F4B77CB5-0CC7-475A-B5A1-2A6B3DD9B02B}"
EndProject
Project("{FAE04EC0-301F-11D3-BF4B-00C04F79EFBC}") = "MyTest", "MyTest\MyTest.csproj", "{5EF20A07-8261-4181-AA55-05096F7EBDE8}"
EndProject
Project("{FAE04EC0-301F-11D3-BF4B-00C04F79EFBC}") = "QuadreticApplication", "QuadreticApplication\QuadreticApplication.csproj", "{DBA44CEF-2907-462C-924B-560853ABD5A4}"
EndProject
Global
	GlobalSection(SolutionConfigurationPlatforms) = preSolution
		Debug|Any CPU = Debug|Any CPU
		Release|Any CPU = Release|Any CPU
	EndGlobalSection
	GlobalSection(ProjectConfigurationPlatforms) = postSolution
		{833E1B64-83E9-48C2-99AE-6FB6D2040CD5}.Debug|Any CPU.ActiveCfg = Debug|Any CPU
		{833E1B64-83E9-48C2-99AE-6FB6D2040CD5}.Debug|Any CPU.Build.0 = Debug|Any CPU
		{833E1B64-83E9-48C2-99AE-6FB6D2040CD5}.Release|Any CPU.ActiveCfg = Release|Any CPU
		{833E1B64-83E9-48C2-99AE-6FB6D2040CD5}.Release|Any CPU.Build.0 = Release|Any CPU
		{F4B77CB5-0CC7-475A-B5A1-2A6B3DD9B02B}.Debug|Any CPU.ActiveCfg = Debug|Any CPU
		{F4B77CB5-0CC7-475A-B5A1-2A6B3DD9B02B}.Debug|Any CPU.Build.0 = Debug|Any CPU
		{F4B77CB5-0CC7-475A-B5A1-2A6B3DD9B02B}.Release|Any CPU.ActiveCfg = Release|Any CPU
		{F4B77CB5-0CC7-475A-B5A1-2A6B3DD9B02B}.Release|Any CPU.Build.0 = Release|Any CPU
		{5EF20A07-8261-4181-AA55-05096F7EBDE8}.Debug|Any CPU.ActiveCfg = Debug|Any CPU
		{5EF20A07-8261-4181-AA55-05096F7EBDE8}.Debug|Any CPU.Build.0 = Debug|Any CPU
		{5EF20A07-8261-4181-AA55-05096F7EBDE8}.Release|Any CPU.ActiveCfg = Release|Any CPU
		{5EF20A07-8261-4181-AA55-05096F7EBDE8}.Release|Any CPU.Build.0 = Release|Any CPU
		{DBA44CEF-2907-462C-924B-560853ABD5A4}.Debug|Any CPU.ActiveCfg = Debug|Any CPU
		{DBA44CEF-2907-462C-924B-560853ABD5A4}.Debug|Any CPU.Build.0 = Debug|Any CPU
		{DBA44CEF-2907-462C-924B-560853ABD5A4}.Release|Any CPU.ActiveCfg = Release|Any CPU
		{DBA44CEF-2907-462C-924B-560853ABD5A4}.Release|Any CPU.Build.0 = Release|Any CPU
	EndGlobalSection
	GlobalSection(SolutionProperties) = preSolution
		HideSolutionNode = FALSE
	EndGlobalSection
	GlobalSection(ExtensibilityGlobals) = postSolution
		SolutionGuid = {30D08FA8-1002-47C3-98F2-E74DA17136CB}
	EndGlobalSection
EndGlobal
